lockfileVersion: '9.0'

settings:
  autoInstallPeers: true
  excludeLinksFromLockfile: false

importers:

  .:
    dependencies:
      '@inquirer/prompts':
        specifier: ^5.0.4
        version: 5.0.4
    devDependencies:
      '@types/node':
        specifier: ^20.12.12
        version: 20.12.12
      prettier:
        specifier: ^3.2.5
        version: 3.2.5
      typescript:
        specifier: ^5.4.5
        version: 5.4.5

packages:

  '@inquirer/checkbox@2.3.4':
    resolution: {integrity: sha512-e+V2YLwDqajiftVisDOu+lvinyGEihQu0X4Y1+jF8ZOMQj/Fufa0QVdk0QsF825kc0kvqDigdtSylETsFg3PKg==}
    engines: {node: '>=18'}

  '@inquirer/confirm@3.1.8':
    resolution: {integrity: sha512-f3INZ+ca4dQdn+MQiq1yP/mOIR/Oc8BLRYuDh6ciToWd6z4W8yArfzjBCMQ0BPY8PcJKwZxGIt8Z6yNT32eSTw==}
    engines: {node: '>=18'}

  '@inquirer/core@8.2.1':
    resolution: {integrity: sha512-TIcuQMn2qrtyYe0j136UpHeYpk7AcR/trKeT/7YY0vRgcS9YSfJuQ2+PudPhSofLLsHNnRYAHScQCcVZrJkMqA==}
    engines: {node: '>=18'}

  '@inquirer/editor@2.1.8':
    resolution: {integrity: sha512-Ob9GdfiDCi9PJSF/tU7+bfbp2bVoFOPxI8Aosqh39TOum3FTyHzUDsZzSmi36KYNWHnmMH33t6bHxg1bBFTwng==}
    engines: {node: '>=18'}

  '@inquirer/expand@2.1.8':
    resolution: {integrity: sha512-dsWqz7cx6BAXrkxxvmKvSoDjB9FTueS7TJjRjTJDHVP335Ntfpha2ogp6+RC7iYpKyuUzFI2qedl+Mme9KmTjA==}
    engines: {node: '>=18'}

  '@inquirer/figures@1.0.2':
    resolution: {integrity: sha512-4F1MBwVr3c/m4bAUef6LgkvBfSjzwH+OfldgHqcuacWwSUetFebM2wi58WfG9uk1rR98U6GwLed4asLJbwdV5w==}
    engines: {node: '>=18'}

  '@inquirer/input@2.1.8':
    resolution: {integrity: sha512-W1hsmUArJRGI8kL8+Kl+9wgnm02xPbpKtSIlwoHtRfIn8f/b/9spfNuTWolCVDHh3ZA4LS+Et71d1P6UpdD20A==}
    engines: {node: '>=18'}

  '@inquirer/password@2.1.8':
    resolution: {integrity: sha512-uBN1Hxq9igMtlUDHxCssJ4wWEksCwSJmK1mGr8A0V1co+ZBWPZ3cTN21MhyMc7VxIA/e7cG9/D2Qwzso64MCng==}
    engines: {node: '>=18'}

  '@inquirer/prompts@5.0.4':
    resolution: {integrity: sha512-J7gaXH0UoYJbVzoL+1oTXmV1lzIIR5RTGvLTUED0NcVc/B/DA1dvDl7Yz5VvWt9DpIVk0TdxlrgtazbiV3xBjw==}
    engines: {node: '>=18'}

  '@inquirer/rawlist@2.1.8':
    resolution: {integrity: sha512-h1NfMVcgR8MC7ckpk2UQsxh2+411iexj5GOFA1Ys9rg//l0N9XAZJQ+FDrza9cxOmf57MZFkJ/WE13Bp8z8IIQ==}
    engines: {node: '>=18'}

  '@inquirer/select@2.3.4':
    resolution: {integrity: sha512-y9HGzHfPPh60QciH7WiKtjtWjgU24jrIsfJnq4Zqmu8k4HVVQPBXxiKKzwzJyJWwdWZcWATm4VDDWGFEjVHvGA==}
    engines: {node: '>=18'}

  '@inquirer/type@1.3.2':
    resolution: {integrity: sha512-5Frickan9c89QbPkSu6I6y8p+9eR6hZkdPahGmNDsTFX8FHLPAozyzCZMKUeW8FyYwnlCKUjqIEqxY+UctARiw==}
    engines: {node: '>=18'}

  '@types/mute-stream@0.0.4':
    resolution: {integrity: sha512-CPM9nzrCPPJHQNA9keH9CVkVI+WR5kMa+7XEs5jcGQ0VoAGnLv242w8lIVgwAEfmE4oufJRaTc9PNLQl0ioAow==}

  '@types/node@20.12.12':
    resolution: {integrity: sha512-eWLDGF/FOSPtAvEqeRAQ4C8LSA7M1I7i0ky1I8U7kD1J5ITyW3AsRhQrKVoWf5pFKZ2kILsEGJhsI9r93PYnOw==}

  '@types/wrap-ansi@3.0.0':
    resolution: {integrity: sha512-ltIpx+kM7g/MLRZfkbL7EsCEjfzCcScLpkg37eXEtx5kmrAKBkTJwd1GIAjDSL8wTpM6Hzn5YO4pSb91BEwu1g==}

  ansi-escapes@4.3.2:
    resolution: {integrity: sha512-gKXj5ALrKWQLsYG9jlTRmR/xKluxHV+Z9QEwNIgCfM1/uwPMCuzVVnh5mwTd+OuBZcwSIMbqssNWRm1lE51QaQ==}
    engines: {node: '>=8'}

  ansi-regex@5.0.1:
    resolution: {integrity: sha512-quJQXlTSUGL2LH9SUXo8VwsY4soanhgo6LNSm84E1LBcE8s3O0wpdiRzyR9z/ZZJMlMWv37qOOb9pdJlMUEKFQ==}
    engines: {node: '>=8'}

  ansi-styles@4.3.0:
    resolution: {integrity: sha512-zbB9rCJAT1rbjiVDb2hqKFHNYLxgtk8NURxZ3IZwD3F6NtxbXZQCnnSi1Lkx+IDohdPlFp222wVALIheZJQSEg==}
    engines: {node: '>=8'}

  chalk@4.1.2:
    resolution: {integrity: sha512-oKnbhFyRIXpUuez8iBMmyEa4nbj4IOQyuhc/wy9kY7/WVPcwIO9VA668Pu8RkO7+0G76SLROeyw9CpQ061i4mA==}
    engines: {node: '>=10'}

  chardet@0.7.0:
    resolution: {integrity: sha512-mT8iDcrh03qDGRRmoA2hmBJnxpllMR+0/0qlzjqZES6NdiWDcZkCNAk4rPFZ9Q85r27unkiNNg8ZOiwZXBHwcA==}

  cli-spinners@2.9.2:
    resolution: {integrity: sha512-ywqV+5MmyL4E7ybXgKys4DugZbX0FC6LnwrhjuykIjnK9k8OQacQ7axGKnjDXWNhns0xot3bZI5h55H8yo9cJg==}
    engines: {node: '>=6'}

  cli-width@4.1.0:
    resolution: {integrity: sha512-ouuZd4/dm2Sw5Gmqy6bGyNNNe1qt9RpmxveLSO7KcgsTnU7RXfsw+/bukWGo1abgBiMAic068rclZsO4IWmmxQ==}
    engines: {node: '>= 12'}

  color-convert@2.0.1:
    resolution: {integrity: sha512-RRECPsj7iu/xb5oKYcsFHSppFNnsj/52OVTRKb4zP5onXwVF3zVmmToNcOfGC+CRDpfK/U584fMg38ZHCaElKQ==}
    engines: {node: '>=7.0.0'}

  color-name@1.1.4:
    resolution: {integrity: sha512-dOy+3AuW3a2wNbZHIuMZpTcgjGuLU/uBL/ubcZF9OXbDo8ff4O8yVp5Bf0efS8uEoYo5q4Fx7dY9OgQGXgAsQA==}

  emoji-regex@8.0.0:
    resolution: {integrity: sha512-MSjYzcWNOA0ewAHpz0MxpYFvwg6yjy1NG3xteoqz644VCo/RPgnr1/GGt+ic3iJTzQ8Eu3TdM14SawnVUmGE6A==}

  external-editor@3.1.0:
    resolution: {integrity: sha512-hMQ4CX1p1izmuLYyZqLMO/qGNw10wSv9QDCPfzXfyFrOaCSSoRfqE1Kf1s5an66J5JZC62NewG+mK49jOCtQew==}
    engines: {node: '>=4'}

  has-flag@4.0.0:
    resolution: {integrity: sha512-EykJT/Q1KjTWctppgIAgfSO0tKVuZUjhgMr17kqTumMl6Afv3EISleU7qZUzoXDFTAHTDC4NOoG/ZxU3EvlMPQ==}
    engines: {node: '>=8'}

  iconv-lite@0.4.24:
    resolution: {integrity: sha512-v3MXnZAcvnywkTUEZomIActle7RXXeedOR31wwl7VlyoXO4Qi9arvSenNQWne1TcRwhCL1HwLI21bEqdpj8/rA==}
    engines: {node: '>=0.10.0'}

  is-fullwidth-code-point@3.0.0:
    resolution: {integrity: sha512-zymm5+u+sCsSWyD9qNaejV3DFvhCKclKdizYaJUuHA83RLjb7nSuGnddCHGv0hk+KY7BMAlsWeK4Ueg6EV6XQg==}
    engines: {node: '>=8'}

  mute-stream@1.0.0:
    resolution: {integrity: sha512-avsJQhyd+680gKXyG/sQc0nXaC6rBkPOfyHYcFb9+hdkqQkR9bdnkJ0AMZhke0oesPqIO+mFFJ+IdBc7mst4IA==}
    engines: {node: ^14.17.0 || ^16.13.0 || >=18.0.0}

  os-tmpdir@1.0.2:
    resolution: {integrity: sha512-D2FR03Vir7FIu45XBY20mTb+/ZSWB00sjU9jdQXt83gDrI4Ztz5Fs7/yy74g2N5SVQY4xY1qDr4rNddwYRVX0g==}
    engines: {node: '>=0.10.0'}

  prettier@3.2.5:
    resolution: {integrity: sha512-3/GWa9aOC0YeD7LUfvOG2NiDyhOWRvt1k+rcKhOuYnMY24iiCphgneUfJDyFXd6rZCAnuLBv6UeAULtrhT/F4A==}
    engines: {node: '>=14'}
    hasBin: true

  safer-buffer@2.1.2:
    resolution: {integrity: sha512-YZo3K82SD7Riyi0E1EQPojLz7kpepnSQI9IyPbHHg1XXXevb5dJI7tpyN2ADxGcQbHG7vcyRHk0cbwqcQriUtg==}

  signal-exit@4.1.0:
    resolution: {integrity: sha512-bzyZ1e88w9O1iNJbKnOlvYTrWPDl46O1bG0D3XInv+9tkPrxrN8jUUTiFlDkkmKWgn1M6CfIA13SuGqOa9Korw==}
    engines: {node: '>=14'}

  string-width@4.2.3:
    resolution: {integrity: sha512-wKyQRQpjJ0sIp62ErSZdGsjMJWsap5oRNihHhu6G7JVO/9jIB6UyevL+tXuOqrng8j/cxKTWyWUwvSTriiZz/g==}
    engines: {node: '>=8'}

  strip-ansi@6.0.1:
    resolution: {integrity: sha512-Y38VPSHcqkFrCpFnQ9vuSXmquuv5oXOKpGeT6aGrr3o3Gc9AlVa6JBfUSOCnbxGGZF+/0ooI7KrPuUSztUdU5A==}
    engines: {node: '>=8'}

  supports-color@7.2.0:
    resolution: {integrity: sha512-qpCAvRl9stuOHveKsn7HncJRvv501qIacKzQlO/+Lwxc9+0q2wLyv4Dfvt80/DPn2pqOBsJdDiogXGR9+OvwRw==}
    engines: {node: '>=8'}

  tmp@0.0.33:
    resolution: {integrity: sha512-jRCJlojKnZ3addtTOjdIqoRuPEKBvNXcGYqzO6zWZX8KfKEpnGY5jfggJQ3EjKuu8D4bJRr0y+cYJFmYbImXGw==}
    engines: {node: '>=0.6.0'}

  type-fest@0.21.3:
    resolution: {integrity: sha512-t0rzBq87m3fVcduHDUFhKmyyX+9eo6WQjZvf51Ea/M0Q7+T374Jp1aUiyUl0GKxp8M/OETVHSDvmkyPgvX+X2w==}
    engines: {node: '>=10'}

  typescript@5.4.5:
    resolution: {integrity: sha512-vcI4UpRgg81oIRUFwR0WSIHKt11nJ7SAVlYNIu+QpqeyXP+gpQJy/Z4+F0aGxSE4MqwjyXvW/TzgkLAx2AGHwQ==}
    engines: {node: '>=14.17'}
    hasBin: true

  undici-types@5.26.5:
    resolution: {integrity: sha512-JlCMO+ehdEIKqlFxk6IfVoAUVmgz7cU7zD/h9XZ0qzeosSHmUJVOzSQvvYSYWXkFXC+IfLKSIffhv0sVZup6pA==}

  wrap-ansi@6.2.0:
    resolution: {integrity: sha512-r6lPcBGxZXlIcymEu7InxDMhdW0KDxpLgoFLcguasxCaJ/SOIZwINatK9KY/tf+ZrlywOKU0UDj3ATXUBfxJXA==}
    engines: {node: '>=8'}

snapshots:

  '@inquirer/checkbox@2.3.4':
    dependencies:
      '@inquirer/core': 8.2.1
      '@inquirer/figures': 1.0.2
      '@inquirer/type': 1.3.2
      ansi-escapes: 4.3.2
      chalk: 4.1.2

  '@inquirer/confirm@3.1.8':
    dependencies:
      '@inquirer/core': 8.2.1
      '@inquirer/type': 1.3.2

  '@inquirer/core@8.2.1':
    dependencies:
      '@inquirer/figures': 1.0.2
      '@inquirer/type': 1.3.2
      '@types/mute-stream': 0.0.4
      '@types/node': 20.12.12
      '@types/wrap-ansi': 3.0.0
      ansi-escapes: 4.3.2
      chalk: 4.1.2
      cli-spinners: 2.9.2
      cli-width: 4.1.0
      mute-stream: 1.0.0
      signal-exit: 4.1.0
      strip-ansi: 6.0.1
      wrap-ansi: 6.2.0

  '@inquirer/editor@2.1.8':
    dependencies:
      '@inquirer/core': 8.2.1
      '@inquirer/type': 1.3.2
      external-editor: 3.1.0

  '@inquirer/expand@2.1.8':
    dependencies:
      '@inquirer/core': 8.2.1
      '@inquirer/type': 1.3.2
      chalk: 4.1.2

  '@inquirer/figures@1.0.2': {}

  '@inquirer/input@2.1.8':
    dependencies:
      '@inquirer/core': 8.2.1
      '@inquirer/type': 1.3.2

  '@inquirer/password@2.1.8':
    dependencies:
      '@inquirer/core': 8.2.1
      '@inquirer/type': 1.3.2
      ansi-escapes: 4.3.2

  '@inquirer/prompts@5.0.4':
    dependencies:
      '@inquirer/checkbox': 2.3.4
      '@inquirer/confirm': 3.1.8
      '@inquirer/editor': 2.1.8
      '@inquirer/expand': 2.1.8
      '@inquirer/input': 2.1.8
      '@inquirer/password': 2.1.8
      '@inquirer/rawlist': 2.1.8
      '@inquirer/select': 2.3.4

  '@inquirer/rawlist@2.1.8':
    dependencies:
      '@inquirer/core': 8.2.1
      '@inquirer/type': 1.3.2
      chalk: 4.1.2

  '@inquirer/select@2.3.4':
    dependencies:
      '@inquirer/core': 8.2.1
      '@inquirer/figures': 1.0.2
      '@inquirer/type': 1.3.2
      ansi-escapes: 4.3.2
      chalk: 4.1.2

  '@inquirer/type@1.3.2': {}

  '@types/mute-stream@0.0.4':
    dependencies:
      '@types/node': 20.12.12

  '@types/node@20.12.12':
    dependencies:
      undici-types: 5.26.5

  '@types/wrap-ansi@3.0.0': {}

  ansi-escapes@4.3.2:
    dependencies:
      type-fest: 0.21.3

  ansi-regex@5.0.1: {}

  ansi-styles@4.3.0:
    dependencies:
      color-convert: 2.0.1

  chalk@4.1.2:
    dependencies:
      ansi-styles: 4.3.0
      supports-color: 7.2.0

  chardet@0.7.0: {}

  cli-spinners@2.9.2: {}

  cli-width@4.1.0: {}

  color-convert@2.0.1:
    dependencies:
      color-name: 1.1.4

  color-name@1.1.4: {}

  emoji-regex@8.0.0: {}

  external-editor@3.1.0:
    dependencies:
      chardet: 0.7.0
      iconv-lite: 0.4.24
      tmp: 0.0.33

  has-flag@4.0.0: {}

  iconv-lite@0.4.24:
    dependencies:
      safer-buffer: 2.1.2

  is-fullwidth-code-point@3.0.0: {}

  mute-stream@1.0.0: {}

  os-tmpdir@1.0.2: {}

  prettier@3.2.5: {}

  safer-buffer@2.1.2: {}

  signal-exit@4.1.0: {}

  string-width@4.2.3:
    dependencies:
      emoji-regex: 8.0.0
      is-fullwidth-code-point: 3.0.0
      strip-ansi: 6.0.1

  strip-ansi@6.0.1:
    dependencies:
      ansi-regex: 5.0.1

  supports-color@7.2.0:
    dependencies:
      has-flag: 4.0.0

  tmp@0.0.33:
    dependencies:
      os-tmpdir: 1.0.2

  type-fest@0.21.3: {}

  typescript@5.4.5: {}

  undici-types@5.26.5: {}

  wrap-ansi@6.2.0:
    dependencies:
      ansi-styles: 4.3.0
      string-width: 4.2.3
      strip-ansi: 6.0.1
